
Microsoft Visual Studio Solution File, Format Version 12.00
# Visual Studio 2015
Project("{FAE04EC0-301F-11D3-BF4B-00C04F79EFBC}") = "ILRuntimeDemo.CSharp", "ILRuntimeDemo.CSharp.csproj", "{EDA4F011-1E9C-10EE-2C92-D43EC2742D96}"
EndProject
Project("{FAE04EC0-301F-11D3-BF4B-00C04F79EFBC}") = "ILRuntimeDemo.CSharp.Editor", "ILRuntimeDemo.CSharp.Editor.csproj", "{24074858-D3C2-2985-9F4D-0B28C9139340}"
EndProject
Global
	GlobalSection(SolutionConfigurationPlatforms) = preSolution
		Debug|Any CPU = Debug|Any CPU
		Release|Any CPU = Release|Any CPU
	EndGlobalSection
	GlobalSection(ProjectConfigurationPlatforms) = postSolution
		{EDA4F011-1E9C-10EE-2C92-D43EC2742D96}.Debug|Any CPU.ActiveCfg = Debug|Any CPU
		{EDA4F011-1E9C-10EE-2C92-D43EC2742D96}.Debug|Any CPU.Build.0 = Debug|Any CPU
		{EDA4F011-1E9C-10EE-2C92-D43EC2742D96}.Release|Any CPU.ActiveCfg = Release|Any CPU
		{EDA4F011-1E9C-10EE-2C92-D43EC2742D96}.Release|Any CPU.Build.0 = Release|Any CPU
		{24074858-D3C2-2985-9F4D-0B28C9139340}.Debug|Any CPU.ActiveCfg = Debug|Any CPU
		{24074858-D3C2-2985-9F4D-0B28C9139340}.Debug|Any CPU.Build.0 = Debug|Any CPU
		{24074858-D3C2-2985-9F4D-0B28C9139340}.Release|Any CPU.ActiveCfg = Release|Any CPU
		{24074858-D3C2-2985-9F4D-0B28C9139340}.Release|Any CPU.Build.0 = Release|Any CPU
	EndGlobalSection
	GlobalSection(SolutionProperties) = preSolution
		HideSolutionNode = FALSE
	EndGlobalSection
EndGlobal
